
Microsoft Visual Studio Solution File, Format Version 12.00
Project("{FAE04EC0-301F-11D3-BF4B-00C04F79EFBC}") = "ArcheusPremium", "ArcheusPremium\ArcheusPremium.csproj", "{2D02D6FF-5544-4523-92A1-056C4B1AAED2}"
EndProject
Project("{FAE04EC0-301F-11D3-BF4B-00C04F79EFBC}") = "ArcheusPremium.Shared", "ArcheusPremium.Shared\ArcheusPremium.Shared.csproj", "{DD6F7E0D-D203-4E32-8722-B1C8E03F9EE1}"
EndProject
Project("{FAE04EC0-301F-11D3-BF4B-00C04F79EFBC}") = "ArcheusPremium.Agent", "ArcheusPremium.Agent\ArcheusPremium.Agent.csproj", "{1A195654-4E92-4C0F-870D-7A432E4B4A91}"
EndProject
Global
	GlobalSection(SolutionConfigurationPlatforms) = preSolution
		Debug|Any CPU = Debug|Any CPU
		Release|Any CPU = Release|Any CPU
	EndGlobalSection
	GlobalSection(ProjectConfigurationPlatforms) = postSolution
		{2D02D6FF-5544-4523-92A1-056C4B1AAED2}.Debug|Any CPU.ActiveCfg = Debug|Any CPU
		{2D02D6FF-5544-4523-92A1-056C4B1AAED2}.Debug|Any CPU.Build.0 = Debug|Any CPU
		{2D02D6FF-5544-4523-92A1-056C4B1AAED2}.Release|Any CPU.ActiveCfg = Release|Any CPU
		{2D02D6FF-5544-4523-92A1-056C4B1AAED2}.Release|Any CPU.Build.0 = Release|Any CPU
		{DD6F7E0D-D203-4E32-8722-B1C8E03F9EE1}.Debug|Any CPU.ActiveCfg = Debug|Any CPU
		{DD6F7E0D-D203-4E32-8722-B1C8E03F9EE1}.Debug|Any CPU.Build.0 = Debug|Any CPU
		{DD6F7E0D-D203-4E32-8722-B1C8E03F9EE1}.Release|Any CPU.ActiveCfg = Release|Any CPU
		{DD6F7E0D-D203-4E32-8722-B1C8E03F9EE1}.Release|Any CPU.Build.0 = Release|Any CPU
		{1A195654-4E92-4C0F-870D-7A432E4B4A91}.Debug|Any CPU.ActiveCfg = Debug|Any CPU
		{1A195654-4E92-4C0F-870D-7A432E4B4A91}.Debug|Any CPU.Build.0 = Debug|Any CPU
		{1A195654-4E92-4C0F-870D-7A432E4B4A91}.Release|Any CPU.ActiveCfg = Release|Any CPU
		{1A195654-4E92-4C0F-870D-7A432E4B4A91}.Release|Any CPU.Build.0 = Release|Any CPU
	EndGlobalSection
EndGlobal
